
Microsoft Visual Studio Solution File, Format Version 12.00
# Visual Studio Version 17
VisualStudioVersion = 17.13.35825.156 d17.13
MinimumVisualStudioVersion = 10.0.40219.1
Project("{FAE04EC0-301F-11D3-BF4B-00C04F79EFBC}") = "Test_WebApi", "Test_WebApi\Test_WebApi.csproj", "{234E6C75-9106-44FD-92FA-F635D14C6E42}"
EndProject
Global
	GlobalSection(SolutionConfigurationPlatforms) = preSolution
		Debug|Any CPU = Debug|Any CPU
		Release|Any CPU = Release|Any CPU
	EndGlobalSection
	GlobalSection(ProjectConfigurationPlatforms) = postSolution
		{234E6C75-9106-44FD-92FA-F635D14C6E42}.Debug|Any CPU.ActiveCfg = Debug|Any CPU
		{234E6C75-9106-44FD-92FA-F635D14C6E42}.Debug|Any CPU.Build.0 = Debug|Any CPU
		{234E6C75-9106-44FD-92FA-F635D14C6E42}.Release|Any CPU.ActiveCfg = Release|Any CPU
		{234E6C75-9106-44FD-92FA-F635D14C6E42}.Release|Any CPU.Build.0 = Release|Any CPU
	EndGlobalSection
	GlobalSection(SolutionProperties) = preSolution
		HideSolutionNode = FALSE
	EndGlobalSection
	GlobalSection(ExtensibilityGlobals) = postSolution
		SolutionGuid = {0673F5B5-1740-46D0-B8D1-BD297A344A94}
	EndGlobalSection
EndGlobal
